// !$*UTF8*$!
{
	archiveVersion = 1;
	classes = {
	};
	objectVersion = 46;
	objects = {

/* Begin PBXBuildFile section */
		E55ED3B91D86D31900E1681D /* AppDelegate.swift in Sources */ = {isa = PBXBuildFile; fileRef = E55ED3B81D86D31900E1681D /* AppDelegate.swift */; };
		E55ED3BB1D86D31900E1681D /* ViewController.swift in Sources */ = {isa = PBXBuildFile; fileRef = E55ED3BA1D86D31900E1681D /* ViewController.swift */; };
		E55ED3BE1D86D31900E1681D /* Main.storyboard in Resources */ = {isa = PBXBuildFile; fileRef = E55ED3BC1D86D31900E1681D /* Main.storyboard */; };
		E55ED3C01D86D31900E1681D /* Assets.xcassets in Resources */ = {isa = PBXBuildFile; fileRef = E55ED3BF1D86D31900E1681D /* Assets.xcassets */; };
		E55ED3C31D86D31900E1681D /* LaunchScreen.storyboard in Resources */ = {isa = PBXBuildFile; fileRef = E55ED3C11D86D31900E1681D /* LaunchScreen.storyboard */; };
/* End PBXBuildFile section */

/* Begin PBXFileReference section */
		E55ED3B51D86D31900E1681D /* IDFA Demo.app */ = {isa = PBXFileReference; explicitFileType = wrapper.application; includeInIndex = 0; path = "IDFA Demo.app"; sourceTree = BUILT_PRODUCTS_DIR; };
		E55ED3B81D86D31900E1681D /* AppDelegate.swift */ = {isa = PBXFileReference; lastKnownFileType = sourcecode.swift; path = AppDelegate.swift; sourceTree = "<group>"; };
		E55ED3BA1D86D31900E1681D /* ViewController.swift */ = {isa = PBXFileReference; lastKnownFileType = sourcecode.swift; path = ViewController.swift; sourceTree = "<group>"; };
		E55ED3BD1D86D31900E1681D /* Base */ = {isa = PBXFileReference; lastKnownFileType = file.storyboard; name = Base; path = Base.lproj/Main.storyboard; sourceTree = "<group>"; };
		E55ED3BF1D86D31900E1681D /* Assets.xcassets */ = {isa = PBXFileReference; lastKnownFileType = folder.assetcatalog; path = Assets.xcassets; sourceTree = "<group>"; };
		E55ED3C21D86D31900E1681D /* Base */ = {isa = PBXFileReference; lastKnownFileType = file.storyboard; name = Base; path = Base.lproj/LaunchScreen.storyboard; sourceTree = "<group>"; };
		E55ED3C41D86D31900E1681D /* Info.plist */ = {isa = PBXFileReference; lastKnownFileType = text.plist.xml; path = Info.plist; sourceTree = "<group>"; };
/* End PBXFileReference section */

/* Begin PBXFrameworksBuildPhase section */
		E55ED3B21D86D31900E1681D /* Frameworks */ = {
			isa = PBXFrameworksBuildPhase;
			buildActionMask = 2147483647;
			files = (
			);
			runOnlyForDeploymentPostprocessing = 0;
		};
/* End PBXFrameworksBuildPhase section */

/* Begin PBXGroup section */
		E55ED3AC1D86D31900E1681D = {
			isa = PBXGroup;
			children = (
				E55ED3B71D86D31900E1681D /* IDFA Demo */,
				E55ED3B61D86D31900E1681D /* Products */,
			);
			sourceTree = "<group>";
		};
		E55ED3B61D86D31900E1681D /* Products */ = {
			isa = PBXGroup;
			children = (
				E55ED3B51D86D31900E1681D /* IDFA Demo.app */,
			);
			name = Products;
			sourceTree = "<group>";
		};
		E55ED3B71D86D31900E1681D /* IDFA Demo */ = {
			isa = PBXGroup;
			children = (
				E55ED3B81D86D31900E1681D /* AppDelegate.swift */,
				E55ED3BA1D86D31900E1681D /* ViewController.swift */,
				E55ED3BC1D86D31900E1681D /* Main.storyboard */,
				E55ED3BF1D86D31900E1681D /* Assets.xcassets */,
				E55ED3C11D86D31900E1681D /* LaunchScreen.storyboard */,
				E55ED3C41D86D31900E1681D /* Info.plist */,
			);
			path = "IDFA Demo";
			sourceTree = "<group>";
		};
/* End PBXGroup section */

/* Begin PBXNativeTarget section */
		E55ED3B41D86D31900E1681D /* IDFA Demo */ = {
			isa = PBXNativeTarget;
			buildConfigurationList = E55ED3C71D86D31900E1681D /* Build configuration list for PBXNativeTarget "IDFA Demo" */;
			buildPhases = (
				E55ED3B11D86D31900E1681D /* Sources */,
				E55ED3B21D86D31900E1681D /* Frameworks */,
				E55ED3B31D86D31900E1681D /* Resources */,
			);
			buildRules = (
			);
			dependencies = (
			);
			name = "IDFA Demo";
			productName = "IDFA Demo";
			productReference = E55ED3B51D86D31900E1681D /* IDFA Demo.app */;
			productType = "com.apple.product-type.application";
		};
/* End PBXNativeTarget section */

/* Begin PBXProject section */
		E55ED3AD1D86D31900E1681D /* Project object */ = {
			isa = PBXProject;
			attributes = {
				LastSwiftUpdateCheck = 0800;
				LastUpgradeCheck = 0800;
				ORGANIZATIONNAME = "Murphy Apps";
				TargetAttributes = {
					E55ED3B41D86D31900E1681D = {
						CreatedOnToolsVersion = 8.0;
						DevelopmentTeam = 9D3HK34ZL4;
						ProvisioningStyle = Automatic;
					};
				};
			};
			buildConfigurationList = E55ED3B01D86D31900E1681D /* Build configuration list for PBXProject "IDFA Demo" */;
			compatibilityVersion = "Xcode 3.2";
			developmentRegion = English;
			hasScannedForEncodings = 0;
			knownRegions = (
				en,
				Base,
			);
			mainGroup = E55ED3AC1D86D31900E1681D;
			productRefGroup = E55ED3B61D86D31900E1681D /* Products */;
			projectDirPath = "";
			projectRoot = "";
			targets = (
				E55ED3B41D86D31900E1681D /* IDFA Demo */,
			);
		};
/* End PBXProject section */

/* Begin PBXResourcesBuildPhase section */
		E55ED3B31D86D31900E1681D /* Resources */ = {
			isa = PBXResourcesBuildPhase;
			buildActionMask = 2147483647;
			files = (
				E55ED3C31D86D31900E1681D /* LaunchScreen.storyboard in Resources */,
				E55ED3C01D86D31900E1681D /* Assets.xcassets in Resources */,
				E55ED3BE1D86D31900E1681D /* Main.storyboard in Resources */,
			);
			runOnlyForDeploymentPostprocessing = 0;
		};
/* End PBXResourcesBuildPhase section */

/* Begin PBXSourcesBuildPhase section */
		E55ED3B11D86D31900E1681D /* Sources */ = {
			isa = PBXSourcesBuildPhase;
			buildActionMask = 2147483647;
			files = (
				E55ED3BB1D86D31900E1681D /* ViewController.swift in Sources */,
				E55ED3B91D86D31900E1681D /* AppDelegate.swift in Sources */,
			);
			runOnlyForDeploymentPostprocessing = 0;
		};
/* End PBXSourcesBuildPhase section */

/* Begin PBXVariantGroup section */
		E55ED3BC1D86D31900E1681D /* Main.storyboard */ = {
			isa = PBXVariantGroup;
			children = (
				E55ED3BD1D86D31900E1681D /* Base */,
			);
			name = Main.storyboard;
			sourceTree = "<group>";
		};
		E55ED3C11D86D31900E1681D /* LaunchScreen.storyboard */ = {
			isa = PBXVariantGroup;
			children = (
				E55ED3C21D86D31900E1681D /* Base */,
			);
			name = LaunchScreen.storyboard;
			sourceTree = "<group>";
		};
/* End PBXVariantGroup section */

/* Begin XCBuildConfiguration section */
		E55ED3C51D86D31900E1681D /* Debug */ = {
			isa = XCBuildConfiguration;
			buildSettings = {
				ALWAYS_SEARCH_USER_PATHS = NO;
				CLANG_ANALYZER_NONNULL = YES;
				CLANG_CXX_LANGUAGE_STANDARD = "gnu++0x";
				CLANG_CXX_LIBRARY = "libc++";
				CLANG_ENABLE_MODULES = YES;
				CLANG_ENABLE_OBJC_ARC = YES;
				CLANG_WARN_BOOL_CONVERSION = YES;
				CLANG_WARN_CONSTANT_CONVERSION = YES;
				CLANG_WARN_DIRECT_OBJC_ISA_USAGE = YES_ERROR;
				CLANG_WARN_DOCUMENTATION_COMMENTS = YES;
				CLANG_WARN_EMPTY_BODY = YES;
				CLANG_WARN_ENUM_CONVERSION = YES;
				CLANG_WARN_INFINITE_RECURSION = YES;
				CLANG_WARN_INT_CONVERSION = YES;
				CLANG_WARN_OBJC_ROOT_CLASS = YES_ERROR;
				CLANG_WARN_SUSPICIOUS_MOVES = YES;
				CLANG_WARN_UNREACHABLE_CODE = YES;
				CLANG_WARN__DUPLICATE_METHOD_MATCH = YES;
				"CODE_SIGN_IDENTITY[sdk=iphoneos*]" = "iPhone Developer";
				COPY_PHASE_STRIP = NO;
				DEBUG_INFORMATION_FORMAT = dwarf;
				ENABLE_STRICT_OBJC_MSGSEND = YES;
				ENABLE_TESTABILITY = YES;
				GCC_C_LANGUAGE_STANDARD = gnu99;
				GCC_DYNAMIC_NO_PIC = NO;
				GCC_NO_COMMON_BLOCKS = YES;
				GCC_OPTIMIZATION_LEVEL = 0;
				GCC_PREPROCESSOR_DEFINITIONS = (
					"DEBUG=1",
					"$(inherited)",
				);
				GCC_WARN_64_TO_32_BIT_CONVERSION = YES;
				GCC_WARN_ABOUT_RETURN_TYPE = YES_ERROR;
				GCC_WARN_UNDECLARED_SELECTOR = YES;
				GCC_WARN_UNINITIALIZED_AUTOS = YES_AGGRESSIVE;
				GCC_WARN_UNUSED_FUNCTION = YES;
				GCC_WARN_UNUSED_VARIABLE = YES;
				IPHONEOS_DEPLOYMENT_TARGET = 10.0;
				MTL_ENABLE_DEBUG_INFO = YES;
				ONLY_ACTIVE_ARCH = YES;
				SDKROOT = iphoneos;
				SWIFT_ACTIVE_COMPILATION_CONDITIONS = DEBUG;
				SWIFT_OPTIMIZATION_LEVEL = "-Onone";
			};
			name = Debug;
		};
		E55ED3C61D86D31900E1681D /* Release */ = {
			isa = XCBuildConfiguration;
			buildSettings = {
				ALWAYS_SEARCH_USER_PATHS = NO;
				CLANG_ANALYZER_NONNULL = YES;
				CLANG_CXX_LANGUAGE_STANDARD = "gnu++0x";
				CLANG_CXX_LIBRARY = "libc++";
				CLANG_ENABLE_MODULES = YES;
				CLANG_ENABLE_OBJC_ARC = YES;
				CLANG_WARN_BOOL_CONVERSION = YES;
				CLANG_WARN_CONSTANT_CONVERSION = YES;
				CLANG_WARN_DIRECT_OBJC_ISA_USAGE = YES_ERROR;
				CLANG_WARN_DOCUMENTATION_COMMENTS = YES;
				CLANG_WARN_EMPTY_BODY = YES;
				CLANG_WARN_ENUM_CONVERSION = YES;
				CLANG_WARN_INFINITE_RECURSION = YES;
				CLANG_WARN_INT_CONVERSION = YES;
				CLANG_WARN_OBJC_ROOT_CLASS = YES_ERROR;
				CLANG_WARN_SUSPICIOUS_MOVES = YES;
				CLANG_WARN_UNREACHABLE_CODE = YES;
				CLANG_WARN__DUPLICATE_METHOD_MATCH = YES;
				"CODE_SIGN_IDENTITY[sdk=iphoneos*]" = "iPhone Developer";
				COPY_PHASE_STRIP = NO;
				DEBUG_INFORMATION_FORMAT = "dwarf-with-dsym";
				ENABLE_NS_ASSERTIONS = NO;
				ENABLE_STRICT_OBJC_MSGSEND = YES;
				GCC_C_LANGUAGE_STANDARD = gnu99;
				GCC_NO_COMMON_BLOCKS = YES;
				GCC_WARN_64_TO_32_BIT_CONVERSION = YES;
				GCC_WARN_ABOUT_RETURN_TYPE = YES_ERROR;
				GCC_WARN_UNDECLARED_SELECTOR = YES;
				GCC_WARN_UNINITIALIZED_AUTOS = YES_AGGRESSIVE;
				GCC_WARN_UNUSED_FUNCTION = YES;
				GCC_WARN_UNUSED_VARIABLE = YES;
				IPHONEOS_DEPLOYMENT_TARGET = 10.0;
				MTL_ENABLE_DEBUG_INFO = NO;
				SDKROOT = iphoneos;
				SWIFT_OPTIMIZATION_LEVEL = "-Owholemodule";
				VALIDATE_PRODUCT = YES;
			};
			name = Release;
		};
		E55ED3C81D86D31900E1681D /* Debug */ = {
			isa = XCBuildConfiguration;
			buildSettings = {
				ASSETCATALOG_COMPILER_APPICON_NAME = AppIcon;
				DEVELOPMENT_TEAM = 9D3HK34ZL4;
				INFOPLIST_FILE = "IDFA Demo/Info.plist";
				IPHONEOS_DEPLOYMENT_TARGET = 8.0;
				LD_RUNPATH_SEARCH_PATHS = "$(inherited) @executable_path/Frameworks";
				PRODUCT_BUNDLE_IDENTIFIER = "co.MurphyApps.IDFA-Demo";
				PRODUCT_NAME = "$(TARGET_NAME)";
				SWIFT_VERSION = 3.0;
			};
			name = Debug;
		};
		E55ED3C91D86D31900E1681D /* Release */ = {
			isa = XCBuildConfiguration;
			buildSettings = {
				ASSETCATALOG_COMPILER_APPICON_NAME = AppIcon;
				DEVELOPMENT_TEAM = 9D3HK34ZL4;
				INFOPLIST_FILE = "IDFA Demo/Info.plist";
				IPHONEOS_DEPLOYMENT_TARGET = 8.0;
				LD_RUNPATH_SEARCH_PATHS = "$(inherited) @executable_path/Frameworks";
				PRODUCT_BUNDLE_IDENTIFIER = "co.MurphyApps.IDFA-Demo";
				PRODUCT_NAME = "$(TARGET_NAME)";
				SWIFT_VERSION = 3.0;
			};
			name = Release;
		};
/* End XCBuildConfiguration section */

/* Begin XCConfigurationList section */
		E55ED3B01D86D31900E1681D /* Build configuration list for PBXProject "IDFA Demo" */ = {
			isa = XCConfigurationList;
			buildConfigurations = (
				E55ED3C51D86D31900E1681D /* Debug */,
				E55ED3C61D86D31900E1681D /* Release */,
			);
			defaultConfigurationIsVisible = 0;
			defaultConfigurationName = Release;
		};
		E55ED3C71D86D31900E1681D /* Build configuration list for PBXNativeTarget "IDFA Demo" */ = {
			isa = XCConfigurationList;
			buildConfigurations = (
				E55ED3C81D86D31900E1681D /* Debug */,
				E55ED3C91D86D31900E1681D /* Release */,
			);
			defaultConfigurationIsVisible = 0;
		};
/* End XCConfigurationList section */
	};
	rootObject = E55ED3AD1D86D31900E1681D /* Project object */;
}
